{
  "originHash" : "984c508134850025230911fbb5d42f09da0b70d9e30dcdbd0870d579bc9408b1",
  "pins" : [
    {
      "identity" : "joltphysics",
      "kind" : "remoteSourceControl",
      "location" : "https://github.com/untoldengine/JoltPhysics.git",
      "state" : {
        "revision" : "31563d34c249147beadee0eb61994dc3b65b57bf",
        "version" : "5.6.0-spm.1"
      }
    },
    {
      "identity" : "untoldengine",
      "kind" : "remoteSourceControl",
      "location" : "https://github.com/miolabs/UntoldEngine.git",
      "state" : {
        "branch" : "feature/mirror_mocap",
        "revision" : "5b3bcfdaa64b3c52e991ca9c4f09fcba871f3c64"
      }
    }
  ],
  "version" : 3
}
